
Microsoft Visual Studio Solution File, Format Version 12.00
# Visual Studio Version 16
VisualStudioVersion = 16.0.32106.194
MinimumVisualStudioVersion = 10.0.40219.1
Project("{9A19103F-16F7-4668-BE54-9A1E7A4F7556}") = "API", "API.csproj", "{51196D26-E7FB-4B84-814C-56049CEB90F5}"
EndProject
Global
	GlobalSection(SolutionConfigurationPlatforms) = preSolution
		Debug|Any CPU = Debug|Any CPU
		Release|Any CPU = Release|Any CPU
	EndGlobalSection
	GlobalSection(ProjectConfigurationPlatforms) = postSolution
		{51196D26-E7FB-4B84-814C-56049CEB90F5}.Debug|Any CPU.ActiveCfg = Debug|Any CPU
		{51196D26-E7FB-4B84-814C-56049CEB90F5}.Debug|Any CPU.Build.0 = Debug|Any CPU
		{51196D26-E7FB-4B84-814C-56049CEB90F5}.Release|Any CPU.ActiveCfg = Release|Any CPU
		{51196D26-E7FB-4B84-814C-56049CEB90F5}.Release|Any CPU.Build.0 = Release|Any CPU
	EndGlobalSection
	GlobalSection(SolutionProperties) = preSolution
		HideSolutionNode = FALSE
	EndGlobalSection
	GlobalSection(ExtensibilityGlobals) = postSolution
		SolutionGuid = {4BA87B28-B0AD-45A1-A2BB-84E73D3736E6}
	EndGlobalSection
EndGlobal
